
Microsoft Visual Studio Solution File, Format Version 12.00
# Visual Studio Version 17
VisualStudioVersion = 17.14.36408.4 d17.14
MinimumVisualStudioVersion = 10.0.40219.1
Project("{FAE04EC0-301F-11D3-BF4B-00C04F79EFBC}") = "Phumla Kamnandi Booking System", "Phumla Kamnandi Booking System.csproj", "{74F94FF1-C119-4361-BC57-4002F7B08034}"
EndProject
Global
	GlobalSection(SolutionConfigurationPlatforms) = preSolution
		Debug|Any CPU = Debug|Any CPU
		Release|Any CPU = Release|Any CPU
	EndGlobalSection
	GlobalSection(ProjectConfigurationPlatforms) = postSolution
		{74F94FF1-C119-4361-BC57-4002F7B08034}.Debug|Any CPU.ActiveCfg = Debug|Any CPU
		{74F94FF1-C119-4361-BC57-4002F7B08034}.Debug|Any CPU.Build.0 = Debug|Any CPU
		{74F94FF1-C119-4361-BC57-4002F7B08034}.Release|Any CPU.ActiveCfg = Release|Any CPU
		{74F94FF1-C119-4361-BC57-4002F7B08034}.Release|Any CPU.Build.0 = Release|Any CPU
	EndGlobalSection
	GlobalSection(SolutionProperties) = preSolution
		HideSolutionNode = FALSE
	EndGlobalSection
	GlobalSection(ExtensibilityGlobals) = postSolution
		SolutionGuid = {C5706AB4-EC84-4312-AE3B-A2E11CA97118}
	EndGlobalSection
EndGlobal
